{
  "name": "capstoneGroup8",
  "lockfileVersion": 3,
  "requires": true,
  "packages": {
    "": {
      "devDependencies": {
        "@types/mailchimp__mailchimp_marketing": "^3.0.21"
      }
    },
    "node_modules/@types/mailchimp__mailchimp_marketing": {
      "version": "3.0.21",
      "resolved": "https://registry.npmjs.org/@types/mailchimp__mailchimp_marketing/-/mailchimp__mailchimp_marketing-3.0.21.tgz",
      "integrity": "sha512-AxwxDB69Sc/aHNiB7GWtnlaKy9j1eNoVhNFODLqM/ahzIyGd+UM+843bBJ7Nb5yA7TC427bqOznF6a3J3TAdPw==",
      "dev": true,
      "license": "MIT"
    }
  }
}
